Microsoft Visual Studio Solution File, Format Version 12.00
# Visual Studio Version 17
VisualStudioVersion = 17.5.2.0
MinimumVisualStudioVersion = 10.0.40219.1
Project("{FAE04EC0-301F-11D3-BF4B-00C04F79EFBC}") = "MvcAnh", "MvcAnh\MvcAnh.csproj", "{33571CFA-C121-637A-54EE-FC4511C8235B}"
EndProject
Global
	GlobalSection(SolutionConfigurationPlatforms) = preSolution
		Debug|Any CPU = Debug|Any CPU
		Release|Any CPU = Release|Any CPU
	EndGlobalSection
	GlobalSection(ProjectConfigurationPlatforms) = postSolution
		{33571CFA-C121-637A-54EE-FC4511C8235B}.Debug|Any CPU.ActiveCfg = Debug|Any CPU
		{33571CFA-C121-637A-54EE-FC4511C8235B}.Debug|Any CPU.Build.0 = Debug|Any CPU
		{33571CFA-C121-637A-54EE-FC4511C8235B}.Release|Any CPU.ActiveCfg = Release|Any CPU
		{33571CFA-C121-637A-54EE-FC4511C8235B}.Release|Any CPU.Build.0 = Release|Any CPU
	EndGlobalSection
	GlobalSection(SolutionProperties) = preSolution
		HideSolutionNode = FALSE
	EndGlobalSection
	GlobalSection(ExtensibilityGlobals) = postSolution
		SolutionGuid = {A00B893A-1326-41A4-B6A1-7652EC2F1D44}
	EndGlobalSection
EndGlobal
