Microsoft Visual Studio Solution File, Format Version 12.00
# Visual Studio Version 17
VisualStudioVersion = 17.5.2.0
MinimumVisualStudioVersion = 10.0.40219.1
Project("{FAE04EC0-301F-11D3-BF4B-00C04F79EFBC}") = "MvcThi", "MvcThi\MvcThi.csproj", "{4A391A51-3072-B71A-08C2-1A50EA125610}"
EndProject
Global
	GlobalSection(SolutionConfigurationPlatforms) = preSolution
		Debug|Any CPU = Debug|Any CPU
		Release|Any CPU = Release|Any CPU
	EndGlobalSection
	GlobalSection(ProjectConfigurationPlatforms) = postSolution
		{4A391A51-3072-B71A-08C2-1A50EA125610}.Debug|Any CPU.ActiveCfg = Debug|Any CPU
		{4A391A51-3072-B71A-08C2-1A50EA125610}.Debug|Any CPU.Build.0 = Debug|Any CPU
		{4A391A51-3072-B71A-08C2-1A50EA125610}.Release|Any CPU.ActiveCfg = Release|Any CPU
		{4A391A51-3072-B71A-08C2-1A50EA125610}.Release|Any CPU.Build.0 = Release|Any CPU
	EndGlobalSection
	GlobalSection(SolutionProperties) = preSolution
		HideSolutionNode = FALSE
	EndGlobalSection
	GlobalSection(ExtensibilityGlobals) = postSolution
		SolutionGuid = {EBF4BA9E-715B-4C00-BA84-2B9F2957D7E3}
	EndGlobalSection
EndGlobal
